
Microsoft Visual Studio Solution File, Format Version 12.00
# Visual Studio 2015
Project("{FAE04EC0-301F-11D3-BF4B-00C04F79EFBC}") = "TAccumulation", "TAccumulation.csproj", "{785A9D2E-B0EC-859D-E581-221C80E01702}"
EndProject
Project("{FAE04EC0-301F-11D3-BF4B-00C04F79EFBC}") = "TAccumulation.Editor", "TAccumulation.Editor.csproj", "{F8B69210-5BE7-DC93-CDC5-AE21AB5C7789}"
EndProject
Global
	GlobalSection(SolutionConfigurationPlatforms) = preSolution
		Debug|Any CPU = Debug|Any CPU
		Release|Any CPU = Release|Any CPU
	EndGlobalSection
	GlobalSection(ProjectConfigurationPlatforms) = postSolution
		{785A9D2E-B0EC-859D-E581-221C80E01702}.Debug|Any CPU.ActiveCfg = Debug|Any CPU
		{785A9D2E-B0EC-859D-E581-221C80E01702}.Debug|Any CPU.Build.0 = Debug|Any CPU
		{785A9D2E-B0EC-859D-E581-221C80E01702}.Release|Any CPU.ActiveCfg = Release|Any CPU
		{785A9D2E-B0EC-859D-E581-221C80E01702}.Release|Any CPU.Build.0 = Release|Any CPU
		{F8B69210-5BE7-DC93-CDC5-AE21AB5C7789}.Debug|Any CPU.ActiveCfg = Debug|Any CPU
		{F8B69210-5BE7-DC93-CDC5-AE21AB5C7789}.Debug|Any CPU.Build.0 = Debug|Any CPU
		{F8B69210-5BE7-DC93-CDC5-AE21AB5C7789}.Release|Any CPU.ActiveCfg = Release|Any CPU
		{F8B69210-5BE7-DC93-CDC5-AE21AB5C7789}.Release|Any CPU.Build.0 = Release|Any CPU
	EndGlobalSection
	GlobalSection(SolutionProperties) = preSolution
		HideSolutionNode = FALSE
	EndGlobalSection
EndGlobal
